
Microsoft Visual Studio Solution File, Format Version 12.00
# Visual Studio Version 17
VisualStudioVersion = 17.8.34525.116
MinimumVisualStudioVersion = 10.0.40219.1
Project("{FAE04EC0-301F-11D3-BF4B-00C04F79EFBC}") = "Simple App WPF MVVM", "Simple App WPF MVVM.csproj", "{01C2AD9C-A1AD-4AB0-83CB-48155424FE02}"
EndProject
Global
	GlobalSection(SolutionConfigurationPlatforms) = preSolution
		Debug|Any CPU = Debug|Any CPU
		Release|Any CPU = Release|Any CPU
	EndGlobalSection
	GlobalSection(ProjectConfigurationPlatforms) = postSolution
		{01C2AD9C-A1AD-4AB0-83CB-48155424FE02}.Debug|Any CPU.ActiveCfg = Debug|Any CPU
		{01C2AD9C-A1AD-4AB0-83CB-48155424FE02}.Debug|Any CPU.Build.0 = Debug|Any CPU
		{01C2AD9C-A1AD-4AB0-83CB-48155424FE02}.Release|Any CPU.ActiveCfg = Release|Any CPU
		{01C2AD9C-A1AD-4AB0-83CB-48155424FE02}.Release|Any CPU.Build.0 = Release|Any CPU
	EndGlobalSection
	GlobalSection(SolutionProperties) = preSolution
		HideSolutionNode = FALSE
	EndGlobalSection
	GlobalSection(ExtensibilityGlobals) = postSolution
		SolutionGuid = {34C789CD-C697-45A5-8705-FB2E2975DA3B}
	EndGlobalSection
EndGlobal
